
Microsoft Visual Studio Solution File, Format Version 12.00
# Visual Studio Version 17
VisualStudioVersion = 17.4.33205.214
MinimumVisualStudioVersion = 10.0.40219.1
Project("{FAE04EC0-301F-11D3-BF4B-00C04F79EFBC}") = "lesson_quiz", "lesson_quiz\lesson_quiz.csproj", "{0834B985-08AD-4DC3-95B3-5FD559F8B80F}"
EndProject
Global
	GlobalSection(SolutionConfigurationPlatforms) = preSolution
		Debug|Any CPU = Debug|Any CPU
		Release|Any CPU = Release|Any CPU
	EndGlobalSection
	GlobalSection(ProjectConfigurationPlatforms) = postSolution
		{0834B985-08AD-4DC3-95B3-5FD559F8B80F}.Debug|Any CPU.ActiveCfg = Debug|Any CPU
		{0834B985-08AD-4DC3-95B3-5FD559F8B80F}.Debug|Any CPU.Build.0 = Debug|Any CPU
		{0834B985-08AD-4DC3-95B3-5FD559F8B80F}.Release|Any CPU.ActiveCfg = Release|Any CPU
		{0834B985-08AD-4DC3-95B3-5FD559F8B80F}.Release|Any CPU.Build.0 = Release|Any CPU
	EndGlobalSection
	GlobalSection(SolutionProperties) = preSolution
		HideSolutionNode = FALSE
	EndGlobalSection
	GlobalSection(ExtensibilityGlobals) = postSolution
		SolutionGuid = {0E4244E9-716D-4A41-91CD-0742DF802947}
	EndGlobalSection
EndGlobal
